###############################################################
#  Generated by:      Cadence Innovus 17.11-s080_1
#  OS:                Linux x86_64(Host ID cad27)
#  Generated on:      Thu Dec 12 11:12:25 2024
#  Design:            ed25519
#  Command:           saveIoFile -byOrder -temp ed25519.ioc
###############################################################

(globals
    version = 3
    io_order = default
)
(iopin
    (top
	(pin name="i_clk"	 layer=2 width=0.2000 depth=0.7200 place_status=placed  )
	(pin name="i_rst"	 layer=2 width=0.2000 depth=0.7200 place_status=placed  )
	(pin name="i_in_valid"	 layer=2 width=0.2000 depth=0.7200 place_status=placed  )
	(pin name="i_in_data[63]"	 layer=2 width=0.2000 depth=0.7200 place_status=placed  )
	(pin name="i_in_data[62]"	 layer=2 width=0.2000 depth=0.7200 place_status=placed  )
	(pin name="i_in_data[61]"	 layer=2 width=0.2000 depth=0.7200 place_status=placed  )
	(pin name="i_in_data[60]"	 layer=2 width=0.2000 depth=0.7200 place_status=placed  )
	(pin name="i_in_data[59]"	 layer=2 width=0.2000 depth=0.7200 place_status=placed  )
	(pin name="i_in_data[58]"	 layer=2 width=0.2000 depth=0.7200 place_status=placed  )
	(pin name="i_in_data[57]"	 layer=2 width=0.2000 depth=0.7200 place_status=placed  )
	(pin name="i_in_data[56]"	 layer=2 width=0.2000 depth=0.7200 place_status=placed  )
	(pin name="i_in_data[55]"	 layer=2 width=0.2000 depth=0.7200 place_status=placed  )
	(pin name="i_in_data[54]"	 layer=2 width=0.2000 depth=0.7200 place_status=placed  )
	(pin name="i_in_data[53]"	 layer=2 width=0.2000 depth=0.7200 place_status=placed  )
	(pin name="i_in_data[52]"	 layer=2 width=0.2000 depth=0.7200 place_status=placed  )
	(pin name="i_in_data[51]"	 layer=2 width=0.2000 depth=0.7200 place_status=placed  )
	(pin name="i_in_data[50]"	 layer=2 width=0.2000 depth=0.7200 place_status=placed  )
	(pin name="i_in_data[49]"	 layer=2 width=0.2000 depth=0.7200 place_status=placed  )
	(pin name="i_in_data[48]"	 layer=2 width=0.2000 depth=0.7200 place_status=placed  )
	(pin name="i_in_data[47]"	 layer=2 width=0.2000 depth=0.7200 place_status=placed  )
	(pin name="i_in_data[46]"	 layer=2 width=0.2000 depth=0.7200 place_status=placed  )
	(pin name="i_in_data[45]"	 layer=2 width=0.2000 depth=0.7200 place_status=placed  )
	(pin name="i_in_data[44]"	 layer=2 width=0.2000 depth=0.7200 place_status=placed  )
	(pin name="i_in_data[43]"	 layer=2 width=0.2000 depth=0.7200 place_status=placed  )
	(pin name="i_in_data[42]"	 layer=2 width=0.2000 depth=0.7200 place_status=placed  )
	(pin name="i_in_data[41]"	 layer=2 width=0.2000 depth=0.7200 place_status=placed  )
	(pin name="i_in_data[40]"	 layer=2 width=0.2000 depth=0.7200 place_status=placed  )
	(pin name="i_in_data[39]"	 layer=2 width=0.2000 depth=0.7200 place_status=placed  )
	(pin name="i_in_data[38]"	 layer=2 width=0.2000 depth=0.7200 place_status=placed  )
	(pin name="i_in_data[37]"	 layer=2 width=0.2000 depth=0.7200 place_status=placed  )
	(pin name="i_in_data[36]"	 layer=2 width=0.2000 depth=0.7200 place_status=placed  )
	(pin name="i_in_data[35]"	 layer=2 width=0.2000 depth=0.7200 place_status=placed  )
	(pin name="i_in_data[34]"	 layer=2 width=0.2000 depth=0.7200 place_status=placed  )
	(pin name="i_in_data[33]"	 layer=2 width=0.2000 depth=0.7200 place_status=placed  )
    )
    (left
	(pin name="i_in_data[32]"	 layer=3 width=0.2000 depth=0.7200 place_status=placed  )
	(pin name="i_in_data[31]"	 layer=3 width=0.2000 depth=0.7200 place_status=placed  )
	(pin name="i_in_data[30]"	 layer=3 width=0.2000 depth=0.7200 place_status=placed  )
	(pin name="i_in_data[29]"	 layer=3 width=0.2000 depth=0.7200 place_status=placed  )
	(pin name="i_in_data[28]"	 layer=3 width=0.2000 depth=0.7200 place_status=placed  )
	(pin name="i_in_data[27]"	 layer=3 width=0.2000 depth=0.7200 place_status=placed  )
	(pin name="i_in_data[26]"	 layer=3 width=0.2000 depth=0.7200 place_status=placed  )
	(pin name="i_in_data[25]"	 layer=3 width=0.2000 depth=0.7200 place_status=placed  )
	(pin name="i_in_data[24]"	 layer=3 width=0.2000 depth=0.7200 place_status=placed  )
	(pin name="i_in_data[23]"	 layer=3 width=0.2000 depth=0.7200 place_status=placed  )
	(pin name="i_in_data[22]"	 layer=3 width=0.2000 depth=0.7200 place_status=placed  )
	(pin name="i_in_data[21]"	 layer=3 width=0.2000 depth=0.7200 place_status=placed  )
	(pin name="i_in_data[20]"	 layer=3 width=0.2000 depth=0.7200 place_status=placed  )
	(pin name="i_in_data[19]"	 layer=3 width=0.2000 depth=0.7200 place_status=placed  )
	(pin name="i_in_data[18]"	 layer=3 width=0.2000 depth=0.7200 place_status=placed  )
	(pin name="i_in_data[17]"	 layer=3 width=0.2000 depth=0.7200 place_status=placed  )
	(pin name="i_in_data[16]"	 layer=3 width=0.2000 depth=0.7200 place_status=placed  )
	(pin name="i_in_data[15]"	 layer=3 width=0.2000 depth=0.7200 place_status=placed  )
	(pin name="i_in_data[14]"	 layer=3 width=0.2000 depth=0.7200 place_status=placed  )
	(pin name="i_in_data[13]"	 layer=3 width=0.2000 depth=0.7200 place_status=placed  )
	(pin name="i_in_data[12]"	 layer=3 width=0.2000 depth=0.7200 place_status=placed  )
	(pin name="i_in_data[11]"	 layer=3 width=0.2000 depth=0.7200 place_status=placed  )
	(pin name="i_in_data[10]"	 layer=3 width=0.2000 depth=0.7200 place_status=placed  )
	(pin name="i_in_data[9]"	 layer=3 width=0.2000 depth=0.7200 place_status=placed  )
	(pin name="i_in_data[8]"	 layer=3 width=0.2000 depth=0.7200 place_status=placed  )
	(pin name="i_in_data[7]"	 layer=3 width=0.2000 depth=0.7200 place_status=placed  )
	(pin name="i_in_data[6]"	 layer=3 width=0.2000 depth=0.7200 place_status=placed  )
	(pin name="i_in_data[5]"	 layer=3 width=0.2000 depth=0.7200 place_status=placed  )
	(pin name="i_in_data[4]"	 layer=3 width=0.2000 depth=0.7200 place_status=placed  )
	(pin name="i_in_data[3]"	 layer=3 width=0.2000 depth=0.7200 place_status=placed  )
	(pin name="i_in_data[2]"	 layer=3 width=0.2000 depth=0.7200 place_status=placed  )
	(pin name="i_in_data[1]"	 layer=3 width=0.2000 depth=0.7200 place_status=placed  )
	(pin name="i_in_data[0]"	 layer=3 width=0.2000 depth=0.7200 place_status=placed  )
	(pin name="i_out_ready"	 layer=3 width=0.2000 depth=0.7200 place_status=placed  )
    )
    (bottom
	(pin name="o_in_ready"	 layer=2 width=0.2000 depth=0.7200 place_status=placed  )
	(pin name="o_out_valid"	 layer=2 width=0.2000 depth=0.7200 place_status=placed  )
	(pin name="o_out_data[63]"	 layer=2 width=0.2000 depth=0.7200 place_status=placed  )
	(pin name="o_out_data[62]"	 layer=2 width=0.2000 depth=0.7200 place_status=placed  )
	(pin name="o_out_data[61]"	 layer=2 width=0.2000 depth=0.7200 place_status=placed  )
	(pin name="o_out_data[60]"	 layer=2 width=0.2000 depth=0.7200 place_status=placed  )
	(pin name="o_out_data[59]"	 layer=2 width=0.2000 depth=0.7200 place_status=placed  )
	(pin name="o_out_data[58]"	 layer=2 width=0.2000 depth=0.7200 place_status=placed  )
	(pin name="o_out_data[57]"	 layer=2 width=0.2000 depth=0.7200 place_status=placed  )
	(pin name="o_out_data[56]"	 layer=2 width=0.2000 depth=0.7200 place_status=placed  )
	(pin name="o_out_data[55]"	 layer=2 width=0.2000 depth=0.7200 place_status=placed  )
	(pin name="o_out_data[54]"	 layer=2 width=0.2000 depth=0.7200 place_status=placed  )
	(pin name="o_out_data[53]"	 layer=2 width=0.2000 depth=0.7200 place_status=placed  )
	(pin name="o_out_data[52]"	 layer=2 width=0.2000 depth=0.7200 place_status=placed  )
	(pin name="o_out_data[51]"	 layer=2 width=0.2000 depth=0.7200 place_status=placed  )
	(pin name="o_out_data[50]"	 layer=2 width=0.2000 depth=0.7200 place_status=placed  )
	(pin name="o_out_data[49]"	 layer=2 width=0.2000 depth=0.7200 place_status=placed  )
	(pin name="o_out_data[48]"	 layer=2 width=0.2000 depth=0.7200 place_status=placed  )
	(pin name="o_out_data[47]"	 layer=2 width=0.2000 depth=0.7200 place_status=placed  )
	(pin name="o_out_data[46]"	 layer=2 width=0.2000 depth=0.7200 place_status=placed  )
	(pin name="o_out_data[45]"	 layer=2 width=0.2000 depth=0.7200 place_status=placed  )
	(pin name="o_out_data[44]"	 layer=2 width=0.2000 depth=0.7200 place_status=placed  )
	(pin name="o_out_data[43]"	 layer=2 width=0.2000 depth=0.7200 place_status=placed  )
	(pin name="o_out_data[42]"	 layer=2 width=0.2000 depth=0.7200 place_status=placed  )
	(pin name="o_out_data[41]"	 layer=2 width=0.2000 depth=0.7200 place_status=placed  )
	(pin name="o_out_data[40]"	 layer=2 width=0.2000 depth=0.7200 place_status=placed  )
	(pin name="o_out_data[39]"	 layer=2 width=0.2000 depth=0.7200 place_status=placed  )
	(pin name="o_out_data[38]"	 layer=2 width=0.2000 depth=0.7200 place_status=placed  )
	(pin name="o_out_data[37]"	 layer=2 width=0.2000 depth=0.7200 place_status=placed  )
	(pin name="o_out_data[36]"	 layer=2 width=0.2000 depth=0.7200 place_status=placed  )
	(pin name="o_out_data[35]"	 layer=2 width=0.2000 depth=0.7200 place_status=placed  )
	(pin name="o_out_data[34]"	 layer=2 width=0.2000 depth=0.7200 place_status=placed  )
	(pin name="o_out_data[33]"	 layer=2 width=0.2000 depth=0.7200 place_status=placed  )
	(pin name="o_out_data[32]"	 layer=2 width=0.2000 depth=0.7200 place_status=placed  )
    )
    (right
	(pin name="o_out_data[31]"	 layer=3 width=0.2000 depth=0.7200 place_status=placed  )
	(pin name="o_out_data[30]"	 layer=3 width=0.2000 depth=0.7200 place_status=placed  )
	(pin name="o_out_data[29]"	 layer=3 width=0.2000 depth=0.7200 place_status=placed  )
	(pin name="o_out_data[28]"	 layer=3 width=0.2000 depth=0.7200 place_status=placed  )
	(pin name="o_out_data[27]"	 layer=3 width=0.2000 depth=0.7200 place_status=placed  )
	(pin name="o_out_data[26]"	 layer=3 width=0.2000 depth=0.7200 place_status=placed  )
	(pin name="o_out_data[25]"	 layer=3 width=0.2000 depth=0.7200 place_status=placed  )
	(pin name="o_out_data[24]"	 layer=3 width=0.2000 depth=0.7200 place_status=placed  )
	(pin name="o_out_data[23]"	 layer=3 width=0.2000 depth=0.7200 place_status=placed  )
	(pin name="o_out_data[22]"	 layer=3 width=0.2000 depth=0.7200 place_status=placed  )
	(pin name="o_out_data[21]"	 layer=3 width=0.2000 depth=0.7200 place_status=placed  )
	(pin name="o_out_data[20]"	 layer=3 width=0.2000 depth=0.7200 place_status=placed  )
	(pin name="o_out_data[19]"	 layer=3 width=0.2000 depth=0.7200 place_status=placed  )
	(pin name="o_out_data[18]"	 layer=3 width=0.2000 depth=0.7200 place_status=placed  )
	(pin name="o_out_data[17]"	 layer=3 width=0.2000 depth=0.7200 place_status=placed  )
	(pin name="o_out_data[16]"	 layer=3 width=0.2000 depth=0.7200 place_status=placed  )
	(pin name="o_out_data[15]"	 layer=3 width=0.2000 depth=0.7200 place_status=placed  )
	(pin name="o_out_data[14]"	 layer=3 width=0.2000 depth=0.7200 place_status=placed  )
	(pin name="o_out_data[13]"	 layer=3 width=0.2000 depth=0.7200 place_status=placed  )
	(pin name="o_out_data[12]"	 layer=3 width=0.2000 depth=0.7200 place_status=placed  )
	(pin name="o_out_data[11]"	 layer=3 width=0.2000 depth=0.7200 place_status=placed  )
	(pin name="o_out_data[10]"	 layer=3 width=0.2000 depth=0.7200 place_status=placed  )
	(pin name="o_out_data[9]"	 layer=3 width=0.2000 depth=0.7200 place_status=placed  )
	(pin name="o_out_data[8]"	 layer=3 width=0.2000 depth=0.7200 place_status=placed  )
	(pin name="o_out_data[7]"	 layer=3 width=0.2000 depth=0.7200 place_status=placed  )
	(pin name="o_out_data[6]"	 layer=3 width=0.2000 depth=0.7200 place_status=placed  )
	(pin name="o_out_data[5]"	 layer=3 width=0.2000 depth=0.7200 place_status=placed  )
	(pin name="o_out_data[4]"	 layer=3 width=0.2000 depth=0.7200 place_status=placed  )
	(pin name="o_out_data[3]"	 layer=3 width=0.2000 depth=0.7200 place_status=placed  )
	(pin name="o_out_data[2]"	 layer=3 width=0.2000 depth=0.7200 place_status=placed  )
	(pin name="o_out_data[1]"	 layer=3 width=0.2000 depth=0.7200 place_status=placed  )
	(pin name="o_out_data[0]"	 layer=3 width=0.2000 depth=0.7200 place_status=placed  )
    )
)
